# This file is automatically @generated by Cargo.
# It is not intended for manual editing.
version = 4

[[package]]
name = "aldur"
version = "0.1.0"

[[package]]
name = "aleidibio"
version = "0.1.0"

[[package]]
name = "bowlstack"
version = "0.1.0"

[[package]]
name = "combined_medium"
version = "0.1.0"

[[package]]
name = "combined_trivial"
version = "0.1.0"

[[package]]
name = "dragafra"
version = "0.1.0"

[[package]]
name = "fenwick"
version = "0.1.0"

[[package]]
name = "fifa"
version = "0.1.0"

[[package]]
name = "financialplanning"
version = "0.1.0"

[[package]]
name = "flatbokuveisla"
version = "0.1.0"

[[package]]
name = "flytibaka"
version = "0.1.0"

[[package]]
name = "hello"
version = "0.1.0"

[[package]]
name = "hipphipp"
version = "0.1.0"

[[package]]
name = "hradgreining"
version = "0.1.0"

[[package]]
name = "kvedja"
version = "0.1.0"

[[package]]
name = "leggjasaman"
version = "0.1.0"

[[package]]
name = "libfreuden"
version = "0.1.0"

[[package]]
name = "lubbilaerir"
version = "0.1.0"

[[package]]
name = "lvable"
version = "0.1.0"

[[package]]
name = "metronome"
version = "0.1.0"

[[package]]
name = "millifaersla"
version = "0.1.0"

[[package]]
name = "ovissa"
version = "0.1.0"

[[package]]
name = "placeholder"
version = "0.1.0"

[[package]]
name = "princesse_server"
version = "0.1.0"

[[package]]
name = "prinsesse"
version = "0.1.0"

[[package]]
name = "reduplikation"
version = "0.1.0"

[[package]]
name = "setnja"
version = "0.1.0"

[[package]]
name = "shortcuttowhat"
version = "0.1.0"

[[package]]
name = "skeytasaman"
version = "0.1.0"

[[package]]
name = "storafmaeli"
version = "0.1.0"

[[package]]
name = "takkar"
version = "0.1.0"

[[package]]
name = "takkfyrirmig"
version = "0.1.0"

[[package]]
name = "telja"
version = "0.1.0"

[[package]]
name = "threedigits"
version = "0.1.0"

[[package]]
name = "til_hamingju"
version = "0.1.0"

[[package]]
name = "tolvunarfraedingartelja"
version = "0.1.0"

[[package]]
name = "velkomin"
version = "0.1.0"

[[package]]
name = "verditheradgodu"
version = "0.1.0"

[[package]]
name = "vidsnuningur"
version = "0.1.0"

[[package]]
name = "yatp"
version = "0.1.1"
