# This file is automatically @generated by Cargo.
# It is not intended for manual editing.
version = 4

[[package]]
name = "aleidibio"
version = "0.1.0"

[[package]]
name = "dragafra"
version = "0.1.0"

[[package]]
name = "fifa"
version = "0.1.0"

[[package]]
name = "flatbokuveisla"
version = "0.1.0"

[[package]]
name = "hipphipp"
version = "0.1.0"

[[package]]
name = "leggjasaman"
version = "0.1.0"

[[package]]
name = "lvable"
version = "0.1.0"

[[package]]
name = "millifaersla"
version = "0.1.0"

[[package]]
name = "ovissa"
version = "0.1.0"

[[package]]
name = "placeholder"
version = "0.1.0"

[[package]]
name = "reduplikation"
version = "0.1.0"

[[package]]
name = "storafmaeli"
version = "0.1.0"

[[package]]
name = "takkar"
version = "0.1.0"

[[package]]
name = "til_hamingju"
version = "0.1.0"

[[package]]
name = "tolvunarfraedingartelja"
version = "0.1.0"

[[package]]
name = "velkomin"
version = "0.1.0"

[[package]]
name = "vidsnuningur"
version = "0.1.0"
